
Microsoft Visual Studio Solution File, Format Version 12.00
# Visual Studio Version 17
VisualStudioVersion = 17.3.32929.385
MinimumVisualStudioVersion = 10.0.40219.1
Project("{9A19103F-16F7-4668-BE54-9A1E7A4F7556}") = "Day01", "Day01\Day01.csproj", "{B16DB618-EEC2-4010-A1EB-76191CC4BAE7}"
EndProject
Project("{9A19103F-16F7-4668-BE54-9A1E7A4F7556}") = "Input", "Input\Input.csproj", "{178DBAD8-3BD2-4F35-8FB9-252A7D9C1B9E}"
EndProject
Project("{9A19103F-16F7-4668-BE54-9A1E7A4F7556}") = "Day02", "Day02\Day02.csproj", "{DBEA7131-B8CD-43D8-8C72-4CC6FD180DD7}"
EndProject
Project("{9A19103F-16F7-4668-BE54-9A1E7A4F7556}") = "Day03", "Day03\Day03.csproj", "{A33CFCD6-469E-4483-A742-EC6BCEE9F376}"
EndProject
Project("{9A19103F-16F7-4668-BE54-9A1E7A4F7556}") = "Day04", "Day04\Day04.csproj", "{348B02ED-A240-4FAD-95E1-E09E5534BE46}"
EndProject
Project("{9A19103F-16F7-4668-BE54-9A1E7A4F7556}") = "Day05", "Day05\Day05.csproj", "{7014327F-0B9E-4066-8C1F-CE82BE88DA61}"
EndProject
Project("{9A19103F-16F7-4668-BE54-9A1E7A4F7556}") = "Day06", "Day06\Day06.csproj", "{FFA458F8-2AF4-47AD-89F8-1DE1C260612F}"
EndProject
Project("{FAE04EC0-301F-11D3-BF4B-00C04F79EFBC}") = "Day07", "Day07\Day07.csproj", "{1CDF5538-6CA0-4707-A4B1-770601ADAEEA}"
EndProject
Global
	GlobalSection(SolutionConfigurationPlatforms) = preSolution
		Debug|Any CPU = Debug|Any CPU
		Release|Any CPU = Release|Any CPU
	EndGlobalSection
	GlobalSection(ProjectConfigurationPlatforms) = postSolution
		{B16DB618-EEC2-4010-A1EB-76191CC4BAE7}.Debug|Any CPU.ActiveCfg = Debug|Any CPU
		{B16DB618-EEC2-4010-A1EB-76191CC4BAE7}.Debug|Any CPU.Build.0 = Debug|Any CPU
		{B16DB618-EEC2-4010-A1EB-76191CC4BAE7}.Release|Any CPU.ActiveCfg = Release|Any CPU
		{B16DB618-EEC2-4010-A1EB-76191CC4BAE7}.Release|Any CPU.Build.0 = Release|Any CPU
		{178DBAD8-3BD2-4F35-8FB9-252A7D9C1B9E}.Debug|Any CPU.ActiveCfg = Debug|Any CPU
		{178DBAD8-3BD2-4F35-8FB9-252A7D9C1B9E}.Debug|Any CPU.Build.0 = Debug|Any CPU
		{178DBAD8-3BD2-4F35-8FB9-252A7D9C1B9E}.Release|Any CPU.ActiveCfg = Release|Any CPU
		{178DBAD8-3BD2-4F35-8FB9-252A7D9C1B9E}.Release|Any CPU.Build.0 = Release|Any CPU
		{DBEA7131-B8CD-43D8-8C72-4CC6FD180DD7}.Debug|Any CPU.ActiveCfg = Debug|Any CPU
		{DBEA7131-B8CD-43D8-8C72-4CC6FD180DD7}.Debug|Any CPU.Build.0 = Debug|Any CPU
		{DBEA7131-B8CD-43D8-8C72-4CC6FD180DD7}.Release|Any CPU.ActiveCfg = Release|Any CPU
		{DBEA7131-B8CD-43D8-8C72-4CC6FD180DD7}.Release|Any CPU.Build.0 = Release|Any CPU
		{A33CFCD6-469E-4483-A742-EC6BCEE9F376}.Debug|Any CPU.ActiveCfg = Debug|Any CPU
		{A33CFCD6-469E-4483-A742-EC6BCEE9F376}.Debug|Any CPU.Build.0 = Debug|Any CPU
		{A33CFCD6-469E-4483-A742-EC6BCEE9F376}.Release|Any CPU.ActiveCfg = Release|Any CPU
		{A33CFCD6-469E-4483-A742-EC6BCEE9F376}.Release|Any CPU.Build.0 = Release|Any CPU
		{348B02ED-A240-4FAD-95E1-E09E5534BE46}.Debug|Any CPU.ActiveCfg = Debug|Any CPU
		{348B02ED-A240-4FAD-95E1-E09E5534BE46}.Debug|Any CPU.Build.0 = Debug|Any CPU
		{348B02ED-A240-4FAD-95E1-E09E5534BE46}.Release|Any CPU.ActiveCfg = Release|Any CPU
		{348B02ED-A240-4FAD-95E1-E09E5534BE46}.Release|Any CPU.Build.0 = Release|Any CPU
		{7014327F-0B9E-4066-8C1F-CE82BE88DA61}.Debug|Any CPU.ActiveCfg = Debug|Any CPU
		{7014327F-0B9E-4066-8C1F-CE82BE88DA61}.Debug|Any CPU.Build.0 = Debug|Any CPU
		{7014327F-0B9E-4066-8C1F-CE82BE88DA61}.Release|Any CPU.ActiveCfg = Release|Any CPU
		{7014327F-0B9E-4066-8C1F-CE82BE88DA61}.Release|Any CPU.Build.0 = Release|Any CPU
		{FFA458F8-2AF4-47AD-89F8-1DE1C260612F}.Debug|Any CPU.ActiveCfg = Debug|Any CPU
		{FFA458F8-2AF4-47AD-89F8-1DE1C260612F}.Debug|Any CPU.Build.0 = Debug|Any CPU
		{FFA458F8-2AF4-47AD-89F8-1DE1C260612F}.Release|Any CPU.ActiveCfg = Release|Any CPU
		{FFA458F8-2AF4-47AD-89F8-1DE1C260612F}.Release|Any CPU.Build.0 = Release|Any CPU
		{1CDF5538-6CA0-4707-A4B1-770601ADAEEA}.Debug|Any CPU.ActiveCfg = Debug|Any CPU
		{1CDF5538-6CA0-4707-A4B1-770601ADAEEA}.Debug|Any CPU.Build.0 = Debug|Any CPU
		{1CDF5538-6CA0-4707-A4B1-770601ADAEEA}.Release|Any CPU.ActiveCfg = Release|Any CPU
		{1CDF5538-6CA0-4707-A4B1-770601ADAEEA}.Release|Any CPU.Build.0 = Release|Any CPU
	EndGlobalSection
	GlobalSection(SolutionProperties) = preSolution
		HideSolutionNode = FALSE
	EndGlobalSection
	GlobalSection(ExtensibilityGlobals) = postSolution
		SolutionGuid = {017C2266-8A66-4214-9C31-F0D4EEC9790F}
	EndGlobalSection
EndGlobal
